
Microsoft Visual Studio Solution File, Format Version 12.00
# Visual Studio Version 17
VisualStudioVersion = 17.9.34701.34
MinimumVisualStudioVersion = 10.0.40219.1
Project("{2150E333-8FDC-42A3-9474-1A3956D46DE8}") = "Domain", "Domain", "{58610DEA-9CC3-48D0-9B6A-B69F2F557EE8}"
EndProject
Project("{9A19103F-16F7-4668-BE54-9A1E7A4F7556}") = "Contracts", "Domain\Contracts\Contracts.csproj", "{7E701F41-2439-492D-9816-19DEC67EA854}"
EndProject
Project("{9A19103F-16F7-4668-BE54-9A1E7A4F7556}") = "Entities", "Domain\Entities\Entities.csproj", "{1D746420-4682-4FF1-9AC5-8E749C0AD899}"
EndProject
Project("{2150E333-8FDC-42A3-9474-1A3956D46DE8}") = "Service", "Service", "{4D690D1D-BF6A-4961-BA22-EC9B9DE7042D}"
EndProject
Project("{9A19103F-16F7-4668-BE54-9A1E7A4F7556}") = "LoggerService", "Service\LoggerService\LoggerService.csproj", "{EEBE72BB-7B5E-4D42-96D7-559AA81EE3B8}"
EndProject
Project("{2150E333-8FDC-42A3-9474-1A3956D46DE8}") = "Presentation", "Presentation", "{35582C2B-6DA9-4199-B2D0-C8849DEC223A}"
EndProject
Project("{9A19103F-16F7-4668-BE54-9A1E7A4F7556}") = "Api", "Presentation\Api\Api.csproj", "{F1C01CDB-2E04-489B-B552-75299069A3FE}"
EndProject
Project("{9A19103F-16F7-4668-BE54-9A1E7A4F7556}") = "BlockCypher", "Service\BlockCypher\BlockCypher.csproj", "{9BE62A57-7BDC-4C8E-938B-3B1A88E45BC7}"
EndProject
Project("{2150E333-8FDC-42A3-9474-1A3956D46DE8}") = "Tests", "Tests", "{44AB4EF6-9807-4BE8-BD04-D764BE213611}"
EndProject
Project("{9A19103F-16F7-4668-BE54-9A1E7A4F7556}") = "BlockCypher.Tests", "Presentation\Tests\BlockCypher.Tests\BlockCypher.Tests.csproj", "{236CAA74-0603-4DA6-95FA-46372A2852E9}"
EndProject
Project("{9A19103F-16F7-4668-BE54-9A1E7A4F7556}") = "Utilities", "Utilities\Utilities.csproj", "{0D21170F-29AE-40BC-AE00-7D7F3A84CB2D}"
EndProject
Project("{9A19103F-16F7-4668-BE54-9A1E7A4F7556}") = "CryptoApi.Presentation", "Presentation\CryptoApi.Presentation\CryptoApi.Presentation.csproj", "{9B22F484-5089-499E-9441-E83E74B733E7}"
EndProject
Project("{9A19103F-16F7-4668-BE54-9A1E7A4F7556}") = "Repository", "Service\Repository\Repository.csproj", "{F1A61B26-85F7-4E8D-89B5-2142B47FE5D9}"
EndProject
Project("{FAE04EC0-301F-11D3-BF4B-00C04F79EFBC}") = "Service.Contracts", "Domain\Service.Contracts\Service.Contracts.csproj", "{416EAC10-3025-44C9-8CA6-E6867E780BDD}"
EndProject
Project("{FAE04EC0-301F-11D3-BF4B-00C04F79EFBC}") = "Service", "Service\Service\Service.csproj", "{BABFEA7E-E0B8-44B4-B19F-0CFA8CDF02B1}"
EndProject
Project("{FAE04EC0-301F-11D3-BF4B-00C04F79EFBC}") = "Shared", "Service\Shared\Shared.csproj", "{571060B0-127C-499E-8B53-0C446587BE97}"
EndProject
Project("{FAE04EC0-301F-11D3-BF4B-00C04F79EFBC}") = "BlockCypherSeeder", "Presentation\BlockCypherSeeder\BlockCypherSeeder.csproj", "{8555AF6B-58ED-4E80-A743-13F78FC84719}"
EndProject
Project("{FAE04EC0-301F-11D3-BF4B-00C04F79EFBC}") = "Api2", "Presentation\Api2\Api2.csproj", "{C16DD38A-7646-4C29-B5BD-67AF4FBA8732}"
EndProject
Project("{FAE04EC0-301F-11D3-BF4B-00C04F79EFBC}") = "CqrsApplication", "Service\CqrsApplication\CqrsApplication.csproj", "{5C24E5D4-231A-40F2-9FD2-BBBD3BDF31DA}"
EndProject
Global
	GlobalSection(SolutionConfigurationPlatforms) = preSolution
		Debug|Any CPU = Debug|Any CPU
		Release|Any CPU = Release|Any CPU
	EndGlobalSection
	GlobalSection(ProjectConfigurationPlatforms) = postSolution
		{7E701F41-2439-492D-9816-19DEC67EA854}.Debug|Any CPU.ActiveCfg = Debug|Any CPU
		{7E701F41-2439-492D-9816-19DEC67EA854}.Debug|Any CPU.Build.0 = Debug|Any CPU
		{7E701F41-2439-492D-9816-19DEC67EA854}.Release|Any CPU.ActiveCfg = Release|Any CPU
		{7E701F41-2439-492D-9816-19DEC67EA854}.Release|Any CPU.Build.0 = Release|Any CPU
		{1D746420-4682-4FF1-9AC5-8E749C0AD899}.Debug|Any CPU.ActiveCfg = Debug|Any CPU
		{1D746420-4682-4FF1-9AC5-8E749C0AD899}.Debug|Any CPU.Build.0 = Debug|Any CPU
		{1D746420-4682-4FF1-9AC5-8E749C0AD899}.Release|Any CPU.ActiveCfg = Release|Any CPU
		{1D746420-4682-4FF1-9AC5-8E749C0AD899}.Release|Any CPU.Build.0 = Release|Any CPU
		{EEBE72BB-7B5E-4D42-96D7-559AA81EE3B8}.Debug|Any CPU.ActiveCfg = Debug|Any CPU
		{EEBE72BB-7B5E-4D42-96D7-559AA81EE3B8}.Debug|Any CPU.Build.0 = Debug|Any CPU
		{EEBE72BB-7B5E-4D42-96D7-559AA81EE3B8}.Release|Any CPU.ActiveCfg = Release|Any CPU
		{EEBE72BB-7B5E-4D42-96D7-559AA81EE3B8}.Release|Any CPU.Build.0 = Release|Any CPU
		{F1C01CDB-2E04-489B-B552-75299069A3FE}.Debug|Any CPU.ActiveCfg = Debug|Any CPU
		{F1C01CDB-2E04-489B-B552-75299069A3FE}.Debug|Any CPU.Build.0 = Debug|Any CPU
		{F1C01CDB-2E04-489B-B552-75299069A3FE}.Release|Any CPU.ActiveCfg = Release|Any CPU
		{F1C01CDB-2E04-489B-B552-75299069A3FE}.Release|Any CPU.Build.0 = Release|Any CPU
		{9BE62A57-7BDC-4C8E-938B-3B1A88E45BC7}.Debug|Any CPU.ActiveCfg = Debug|Any CPU
		{9BE62A57-7BDC-4C8E-938B-3B1A88E45BC7}.Debug|Any CPU.Build.0 = Debug|Any CPU
		{9BE62A57-7BDC-4C8E-938B-3B1A88E45BC7}.Release|Any CPU.ActiveCfg = Release|Any CPU
		{9BE62A57-7BDC-4C8E-938B-3B1A88E45BC7}.Release|Any CPU.Build.0 = Release|Any CPU
		{236CAA74-0603-4DA6-95FA-46372A2852E9}.Debug|Any CPU.ActiveCfg = Debug|Any CPU
		{236CAA74-0603-4DA6-95FA-46372A2852E9}.Debug|Any CPU.Build.0 = Debug|Any CPU
		{236CAA74-0603-4DA6-95FA-46372A2852E9}.Release|Any CPU.ActiveCfg = Release|Any CPU
		{236CAA74-0603-4DA6-95FA-46372A2852E9}.Release|Any CPU.Build.0 = Release|Any CPU
		{0D21170F-29AE-40BC-AE00-7D7F3A84CB2D}.Debug|Any CPU.ActiveCfg = Debug|Any CPU
		{0D21170F-29AE-40BC-AE00-7D7F3A84CB2D}.Debug|Any CPU.Build.0 = Debug|Any CPU
		{0D21170F-29AE-40BC-AE00-7D7F3A84CB2D}.Release|Any CPU.ActiveCfg = Release|Any CPU
		{0D21170F-29AE-40BC-AE00-7D7F3A84CB2D}.Release|Any CPU.Build.0 = Release|Any CPU
		{9B22F484-5089-499E-9441-E83E74B733E7}.Debug|Any CPU.ActiveCfg = Debug|Any CPU
		{9B22F484-5089-499E-9441-E83E74B733E7}.Debug|Any CPU.Build.0 = Debug|Any CPU
		{9B22F484-5089-499E-9441-E83E74B733E7}.Release|Any CPU.ActiveCfg = Release|Any CPU
		{9B22F484-5089-499E-9441-E83E74B733E7}.Release|Any CPU.Build.0 = Release|Any CPU
		{F1A61B26-85F7-4E8D-89B5-2142B47FE5D9}.Debug|Any CPU.ActiveCfg = Debug|Any CPU
		{F1A61B26-85F7-4E8D-89B5-2142B47FE5D9}.Debug|Any CPU.Build.0 = Debug|Any CPU
		{F1A61B26-85F7-4E8D-89B5-2142B47FE5D9}.Release|Any CPU.ActiveCfg = Release|Any CPU
		{F1A61B26-85F7-4E8D-89B5-2142B47FE5D9}.Release|Any CPU.Build.0 = Release|Any CPU
		{416EAC10-3025-44C9-8CA6-E6867E780BDD}.Debug|Any CPU.ActiveCfg = Debug|Any CPU
		{416EAC10-3025-44C9-8CA6-E6867E780BDD}.Debug|Any CPU.Build.0 = Debug|Any CPU
		{416EAC10-3025-44C9-8CA6-E6867E780BDD}.Release|Any CPU.ActiveCfg = Release|Any CPU
		{416EAC10-3025-44C9-8CA6-E6867E780BDD}.Release|Any CPU.Build.0 = Release|Any CPU
		{BABFEA7E-E0B8-44B4-B19F-0CFA8CDF02B1}.Debug|Any CPU.ActiveCfg = Debug|Any CPU
		{BABFEA7E-E0B8-44B4-B19F-0CFA8CDF02B1}.Debug|Any CPU.Build.0 = Debug|Any CPU
		{BABFEA7E-E0B8-44B4-B19F-0CFA8CDF02B1}.Release|Any CPU.ActiveCfg = Release|Any CPU
		{BABFEA7E-E0B8-44B4-B19F-0CFA8CDF02B1}.Release|Any CPU.Build.0 = Release|Any CPU
		{571060B0-127C-499E-8B53-0C446587BE97}.Debug|Any CPU.ActiveCfg = Debug|Any CPU
		{571060B0-127C-499E-8B53-0C446587BE97}.Debug|Any CPU.Build.0 = Debug|Any CPU
		{571060B0-127C-499E-8B53-0C446587BE97}.Release|Any CPU.ActiveCfg = Release|Any CPU
		{571060B0-127C-499E-8B53-0C446587BE97}.Release|Any CPU.Build.0 = Release|Any CPU
		{8555AF6B-58ED-4E80-A743-13F78FC84719}.Debug|Any CPU.ActiveCfg = Debug|Any CPU
		{8555AF6B-58ED-4E80-A743-13F78FC84719}.Debug|Any CPU.Build.0 = Debug|Any CPU
		{8555AF6B-58ED-4E80-A743-13F78FC84719}.Release|Any CPU.ActiveCfg = Release|Any CPU
		{8555AF6B-58ED-4E80-A743-13F78FC84719}.Release|Any CPU.Build.0 = Release|Any CPU
		{C16DD38A-7646-4C29-B5BD-67AF4FBA8732}.Debug|Any CPU.ActiveCfg = Debug|Any CPU
		{C16DD38A-7646-4C29-B5BD-67AF4FBA8732}.Debug|Any CPU.Build.0 = Debug|Any CPU
		{C16DD38A-7646-4C29-B5BD-67AF4FBA8732}.Release|Any CPU.ActiveCfg = Release|Any CPU
		{C16DD38A-7646-4C29-B5BD-67AF4FBA8732}.Release|Any CPU.Build.0 = Release|Any CPU
		{5C24E5D4-231A-40F2-9FD2-BBBD3BDF31DA}.Debug|Any CPU.ActiveCfg = Debug|Any CPU
		{5C24E5D4-231A-40F2-9FD2-BBBD3BDF31DA}.Debug|Any CPU.Build.0 = Debug|Any CPU
		{5C24E5D4-231A-40F2-9FD2-BBBD3BDF31DA}.Release|Any CPU.ActiveCfg = Release|Any CPU
		{5C24E5D4-231A-40F2-9FD2-BBBD3BDF31DA}.Release|Any CPU.Build.0 = Release|Any CPU
	EndGlobalSection
	GlobalSection(SolutionProperties) = preSolution
		HideSolutionNode = FALSE
	EndGlobalSection
	GlobalSection(NestedProjects) = preSolution
		{7E701F41-2439-492D-9816-19DEC67EA854} = {58610DEA-9CC3-48D0-9B6A-B69F2F557EE8}
		{1D746420-4682-4FF1-9AC5-8E749C0AD899} = {58610DEA-9CC3-48D0-9B6A-B69F2F557EE8}
		{EEBE72BB-7B5E-4D42-96D7-559AA81EE3B8} = {4D690D1D-BF6A-4961-BA22-EC9B9DE7042D}
		{F1C01CDB-2E04-489B-B552-75299069A3FE} = {35582C2B-6DA9-4199-B2D0-C8849DEC223A}
		{9BE62A57-7BDC-4C8E-938B-3B1A88E45BC7} = {4D690D1D-BF6A-4961-BA22-EC9B9DE7042D}
		{44AB4EF6-9807-4BE8-BD04-D764BE213611} = {35582C2B-6DA9-4199-B2D0-C8849DEC223A}
		{236CAA74-0603-4DA6-95FA-46372A2852E9} = {44AB4EF6-9807-4BE8-BD04-D764BE213611}
		{0D21170F-29AE-40BC-AE00-7D7F3A84CB2D} = {4D690D1D-BF6A-4961-BA22-EC9B9DE7042D}
		{9B22F484-5089-499E-9441-E83E74B733E7} = {35582C2B-6DA9-4199-B2D0-C8849DEC223A}
		{F1A61B26-85F7-4E8D-89B5-2142B47FE5D9} = {4D690D1D-BF6A-4961-BA22-EC9B9DE7042D}
		{416EAC10-3025-44C9-8CA6-E6867E780BDD} = {58610DEA-9CC3-48D0-9B6A-B69F2F557EE8}
		{BABFEA7E-E0B8-44B4-B19F-0CFA8CDF02B1} = {4D690D1D-BF6A-4961-BA22-EC9B9DE7042D}
		{571060B0-127C-499E-8B53-0C446587BE97} = {4D690D1D-BF6A-4961-BA22-EC9B9DE7042D}
		{8555AF6B-58ED-4E80-A743-13F78FC84719} = {35582C2B-6DA9-4199-B2D0-C8849DEC223A}
		{C16DD38A-7646-4C29-B5BD-67AF4FBA8732} = {35582C2B-6DA9-4199-B2D0-C8849DEC223A}
		{5C24E5D4-231A-40F2-9FD2-BBBD3BDF31DA} = {4D690D1D-BF6A-4961-BA22-EC9B9DE7042D}
	EndGlobalSection
	GlobalSection(ExtensibilityGlobals) = postSolution
		SolutionGuid = {7257ED98-9A83-46DF-B842-2919EFA671D4}
	EndGlobalSection
EndGlobal
